{
  "nodes": {
    "flake-parts": {
      "inputs": {
        "nixpkgs-lib": [
          "neovim",
          "nixpkgs"
        ]
      },
      "locked": {
        "lastModified": 1765835352,
        "narHash": "sha256-XswHlK/Qtjasvhd1nOa1e8MgZ8GS//jBoTqWtrS1Giw=",
        "owner": "hercules-ci",
        "repo": "flake-parts",
        "rev": "a34fae9c08a15ad73f295041fec82323541400a9",
        "type": "github"
      },
      "original": {
        "owner": "hercules-ci",
        "repo": "flake-parts",
        "type": "github"
      }
    },
    "neovim": {
      "inputs": {
        "flake-parts": "flake-parts",
        "neovim-src": "neovim-src",
        "nixpkgs": [
          "nixpkgs"
        ]
      },
      "locked": {
        "lastModified": 1766966701,
        "narHash": "sha256-3AGsMM+RuiIBcnB0I02YyZ5AMMBPYPsNZYU48Yjyntk=",
        "owner": "nix-community",
        "repo": "neovim-nightly-overlay",
        "rev": "c2a582cef5ccd506e2fae438c7506238d38ced30",
        "type": "github"
      },
      "original": {
        "owner": "nix-community",
        "repo": "neovim-nightly-overlay",
        "type": "github"
      }
    },
    "neovim-src": {
      "flake": false,
      "locked": {
        "lastModified": 1766966205,
        "narHash": "sha256-0QP+beaZydoVTJT8gKVInyKX4yMPWfvS2feY9hulW5E=",
        "owner": "neovim",
        "repo": "neovim",
        "rev": "e916f0327728c78945e6353eeeeb88749b077c0b",
        "type": "github"
      },
      "original": {
        "owner": "neovim",
        "repo": "neovim",
        "type": "github"
      }
    },
    "nixpkgs": {
      "locked": {
        "lastModified": 1767016840,
        "narHash": "sha256-R4k3lVxyRBIuWfXIGm59QLvLDNW93ZhuIYmTiHrN344=",
        "owner": "NixOS",
        "repo": "nixpkgs",
        "rev": "cf2999a0d9ba904b10f5da35684cfb7ce5c6c673",
        "type": "github"
      },
      "original": {
        "owner": "NixOS",
        "repo": "nixpkgs",
        "type": "github"
      }
    },
    "root": {
      "inputs": {
        "neovim": "neovim",
        "nixpkgs": "nixpkgs"
      }
    }
  },
  "root": "root",
  "version": 7
}
