{
  "nodes": {
    "flake-parts": {
      "inputs": {
        "nixpkgs-lib": [
          "neovim",
          "nixpkgs"
        ]
      },
      "locked": {
        "lastModified": 1763759067,
        "narHash": "sha256-LlLt2Jo/gMNYAwOgdRQBrsRoOz7BPRkzvNaI/fzXi2Q=",
        "owner": "hercules-ci",
        "repo": "flake-parts",
        "rev": "2cccadc7357c0ba201788ae99c4dfa90728ef5e0",
        "type": "github"
      },
      "original": {
        "owner": "hercules-ci",
        "repo": "flake-parts",
        "type": "github"
      }
    },
    "neovim": {
      "inputs": {
        "flake-parts": "flake-parts",
        "neovim-src": "neovim-src",
        "nixpkgs": [
          "nixpkgs"
        ]
      },
      "locked": {
        "lastModified": 1764115497,
        "narHash": "sha256-O76AgT1qySSmdLU+20p0L6L4CLl+L/BFn6Hn+v3lZb0=",
        "owner": "nix-community",
        "repo": "neovim-nightly-overlay",
        "rev": "531a6afb65033ff28663e83efcb5d8b94c339aeb",
        "type": "github"
      },
      "original": {
        "owner": "nix-community",
        "repo": "neovim-nightly-overlay",
        "type": "github"
      }
    },
    "neovim-src": {
      "flake": false,
      "locked": {
        "lastModified": 1764103112,
        "narHash": "sha256-tnxXyr4eqFft9gm8elxB91maZ8FkvKrI14duvNJW6aw=",
        "owner": "neovim",
        "repo": "neovim",
        "rev": "87bd16e470b2d7a45f38c7402037ad1bcf91ded9",
        "type": "github"
      },
      "original": {
        "owner": "neovim",
        "repo": "neovim",
        "type": "github"
      }
    },
    "nixpkgs": {
      "locked": {
        "lastModified": 1764244847,
        "narHash": "sha256-A4oaGOKpGnyt9T7YmbjubfT8+OVNCzXdNy60d9Kz8JI=",
        "owner": "NixOS",
        "repo": "nixpkgs",
        "rev": "46d8d22b4b504faa3624596b227727d3c2dfb765",
        "type": "github"
      },
      "original": {
        "owner": "NixOS",
        "repo": "nixpkgs",
        "type": "github"
      }
    },
    "root": {
      "inputs": {
        "neovim": "neovim",
        "nixpkgs": "nixpkgs"
      }
    }
  },
  "root": "root",
  "version": 7
}
